# This file was autogenerated by Stack.
# You should not edit this file by hand.
# For more information, please see the documentation at:
#   https://docs.haskellstack.org/en/stable/lock_files

packages:
- completed:
    hackage: Spock-0.14.0.0@sha256:7e86ccc9e66ce0fdb84d1dcd328f852d3754c2dbfcb60d0e7e2f1cce2f32f177,3681
    pantry-tree:
      size: 1118
      sha256: 6829dae9ba2492fae3e447afe13013dd863bd48fd5b8addfa74fc55d979de7b2
  original:
    hackage: Spock-0.14.0.0
- completed:
    hackage: Spock-core-0.14.0.1@sha256:0a11ece2a8f0fbd6bf741b2e0337f33032af3881a3a3cb72b22f50fae222b1cf,3582
    pantry-tree:
      size: 1113
      sha256: 2d79055a51d5bb2364ac70e29c033f981b11619d5e8fd2ec1a650ffedb07ecc3
  original:
    hackage: Spock-core-0.14.0.1
- completed:
    hackage: reroute-0.7.0.0@sha256:ca982d6c747bee4e089f733cd000b8ccf62fb4312cfb0c5de9c8a33f26e02437,2392
    pantry-tree:
      size: 660
      sha256: d2f58178bc71075f61ed0568f165f6fa9cbe65191d10fe067eeed3c5c568dd19
  original:
    hackage: reroute-0.7.0.0
- completed:
    name: distributed-process
    version: 0.7.4
    git: https://github.com/haskell-distributed/distributed-process
    pantry-tree:
      size: 6032
      sha256: 152f1e9595ea86757110fa744a73cb1dea7f336ab72629ae85eb2d14073f72c3
    commit: 7b8cbf59cc7f291a524a5c405d514e48e6544182
  original:
    git: https://github.com/haskell-distributed/distributed-process
    commit: 7b8cbf59cc7f291a524a5c405d514e48e6544182
snapshots:
- completed:
    size: 619204
    url: https://raw.githubusercontent.com/commercialhaskell/stackage-snapshots/master/lts/19/33.yaml
    sha256: 6d1532d40621957a25bad5195bfca7938e8a06d923c91bc52aa0f3c41181f2d4
  original: lts-19.33
